
Microsoft Visual Studio Solution File, Format Version 12.00
# Visual Studio 15
VisualStudioVersion = 15.0.26730.15
MinimumVisualStudioVersion = 10.0.40219.1
Project("{9A19103F-16F7-4668-BE54-9A1E7A4F7556}") = "BusTickets.WebAPI", "BusTickets.WebAPI\BusTickets.WebAPI.csproj", "{303CD08C-501E-47C2-9B1C-30B8BFE00BC8}"
EndProject
Project("{9A19103F-16F7-4668-BE54-9A1E7A4F7556}") = "BusTickets.DataAccess", "BusTickets.DataAccess\BusTickets.DataAccess.csproj", "{424402B3-7E2B-4E83-9807-2DBE10824D73}"
EndProject
Project("{9A19103F-16F7-4668-BE54-9A1E7A4F7556}") = "BusTickets.BusinessServices", "BusTickets.BusinessServices\BusTickets.BusinessServices.csproj", "{529BE3C5-8EAF-4782-88C0-7D07D606056D}"
EndProject
Project("{9A19103F-16F7-4668-BE54-9A1E7A4F7556}") = "BusTickets.BusinessServices.UnitTests", "BusTickets.BusinessServices.UnitTests\BusTickets.BusinessServices.UnitTests.csproj", "{0CC8037E-C1C7-447F-AE09-B609C5583D3F}"
EndProject
Global
	GlobalSection(SolutionConfigurationPlatforms) = preSolution
		Debug|Any CPU = Debug|Any CPU
		Release|Any CPU = Release|Any CPU
	EndGlobalSection
	GlobalSection(ProjectConfigurationPlatforms) = postSolution
		{303CD08C-501E-47C2-9B1C-30B8BFE00BC8}.Debug|Any CPU.ActiveCfg = Debug|Any CPU
		{303CD08C-501E-47C2-9B1C-30B8BFE00BC8}.Debug|Any CPU.Build.0 = Debug|Any CPU
		{303CD08C-501E-47C2-9B1C-30B8BFE00BC8}.Release|Any CPU.ActiveCfg = Release|Any CPU
		{303CD08C-501E-47C2-9B1C-30B8BFE00BC8}.Release|Any CPU.Build.0 = Release|Any CPU
		{424402B3-7E2B-4E83-9807-2DBE10824D73}.Debug|Any CPU.ActiveCfg = Debug|Any CPU
		{424402B3-7E2B-4E83-9807-2DBE10824D73}.Debug|Any CPU.Build.0 = Debug|Any CPU
		{424402B3-7E2B-4E83-9807-2DBE10824D73}.Release|Any CPU.ActiveCfg = Release|Any CPU
		{424402B3-7E2B-4E83-9807-2DBE10824D73}.Release|Any CPU.Build.0 = Release|Any CPU
		{529BE3C5-8EAF-4782-88C0-7D07D606056D}.Debug|Any CPU.ActiveCfg = Debug|Any CPU
		{529BE3C5-8EAF-4782-88C0-7D07D606056D}.Debug|Any CPU.Build.0 = Debug|Any CPU
		{529BE3C5-8EAF-4782-88C0-7D07D606056D}.Release|Any CPU.ActiveCfg = Release|Any CPU
		{529BE3C5-8EAF-4782-88C0-7D07D606056D}.Release|Any CPU.Build.0 = Release|Any CPU
		{0CC8037E-C1C7-447F-AE09-B609C5583D3F}.Debug|Any CPU.ActiveCfg = Debug|Any CPU
		{0CC8037E-C1C7-447F-AE09-B609C5583D3F}.Debug|Any CPU.Build.0 = Debug|Any CPU
		{0CC8037E-C1C7-447F-AE09-B609C5583D3F}.Release|Any CPU.ActiveCfg = Release|Any CPU
		{0CC8037E-C1C7-447F-AE09-B609C5583D3F}.Release|Any CPU.Build.0 = Release|Any CPU
	EndGlobalSection
	GlobalSection(SolutionProperties) = preSolution
		HideSolutionNode = FALSE
	EndGlobalSection
	GlobalSection(ExtensibilityGlobals) = postSolution
		SolutionGuid = {3F1C0F59-49FB-45C3-99DE-D7EC430F5D18}
	EndGlobalSection
EndGlobal
