
Microsoft Visual Studio Solution File, Format Version 12.00
# Visual Studio 15
VisualStudioVersion = 15.0.27004.2005
MinimumVisualStudioVersion = 10.0.40219.1
Project("{FAE04EC0-301F-11D3-BF4B-00C04F79EFBC}") = "BusTickets.Mobile.Android", "BusTickets.Mobile\BusTickets.Mobile.Android\BusTickets.Mobile.Android.csproj", "{65E8BEEE-5B3F-4CF5-9173-C8CB8C687C15}"
EndProject
Project("{FAE04EC0-301F-11D3-BF4B-00C04F79EFBC}") = "BusTickets.Mobile.iOS", "BusTickets.Mobile\BusTickets.Mobile.iOS\BusTickets.Mobile.iOS.csproj", "{B159B48C-4F38-449E-A341-034F95DCCC69}"
EndProject
Project("{FAE04EC0-301F-11D3-BF4B-00C04F79EFBC}") = "BusTickets.Mobile.UWP", "BusTickets.Mobile\BusTickets.Mobile.UWP\BusTickets.Mobile.UWP.csproj", "{2FE59C0C-D6CB-4BA4-9A8D-C8AF5EE0FEE6}"
EndProject
Project("{FAE04EC0-301F-11D3-BF4B-00C04F79EFBC}") = "SharedLibrary", "SharedLibrary\SharedLibrary.csproj", "{6A0C6E81-41A1-4F21-9C65-CB9A2D1CF686}"
EndProject
Global
	GlobalSection(SolutionConfigurationPlatforms) = preSolution
		Ad-Hoc|Any CPU = Ad-Hoc|Any CPU
		Ad-Hoc|ARM = Ad-Hoc|ARM
		Ad-Hoc|iPhone = Ad-Hoc|iPhone
		Ad-Hoc|iPhoneSimulator = Ad-Hoc|iPhoneSimulator
		Ad-Hoc|x64 = Ad-Hoc|x64
		Ad-Hoc|x86 = Ad-Hoc|x86
		AppStore|Any CPU = AppStore|Any CPU
		AppStore|ARM = AppStore|ARM
		AppStore|iPhone = AppStore|iPhone
		AppStore|iPhoneSimulator = AppStore|iPhoneSimulator
		AppStore|x64 = AppStore|x64
		AppStore|x86 = AppStore|x86
		Debug|Any CPU = Debug|Any CPU
		Debug|ARM = Debug|ARM
		Debug|iPhone = Debug|iPhone
		Debug|iPhoneSimulator = Debug|iPhoneSimulator
		Debug|x64 = Debug|x64
		Debug|x86 = Debug|x86
		Release|Any CPU = Release|Any CPU
		Release|ARM = Release|ARM
		Release|iPhone = Release|iPhone
		Release|iPhoneSimulator = Release|iPhoneSimulator
		Release|x64 = Release|x64
		Release|x86 = Release|x86
	EndGlobalSection
	GlobalSection(ProjectConfigurationPlatforms) = postSolution
		{65E8BEEE-5B3F-4CF5-9173-C8CB8C687C15}.Ad-Hoc|Any CPU.ActiveCfg = Release|Any CPU
		{65E8BEEE-5B3F-4CF5-9173-C8CB8C687C15}.Ad-Hoc|Any CPU.Build.0 = Release|Any CPU
		{65E8BEEE-5B3F-4CF5-9173-C8CB8C687C15}.Ad-Hoc|Any CPU.Deploy.0 = Release|Any CPU
		{65E8BEEE-5B3F-4CF5-9173-C8CB8C687C15}.Ad-Hoc|ARM.ActiveCfg = Release|Any CPU
		{65E8BEEE-5B3F-4CF5-9173-C8CB8C687C15}.Ad-Hoc|ARM.Build.0 = Release|Any CPU
		{65E8BEEE-5B3F-4CF5-9173-C8CB8C687C15}.Ad-Hoc|ARM.Deploy.0 = Release|Any CPU
		{65E8BEEE-5B3F-4CF5-9173-C8CB8C687C15}.Ad-Hoc|iPhone.ActiveCfg = Release|Any CPU
		{65E8BEEE-5B3F-4CF5-9173-C8CB8C687C15}.Ad-Hoc|iPhone.Build.0 = Release|Any CPU
		{65E8BEEE-5B3F-4CF5-9173-C8CB8C687C15}.Ad-Hoc|iPhone.Deploy.0 = Release|Any CPU
		{65E8BEEE-5B3F-4CF5-9173-C8CB8C687C15}.Ad-Hoc|iPhoneSimulator.ActiveCfg = Release|Any CPU
		{65E8BEEE-5B3F-4CF5-9173-C8CB8C687C15}.Ad-Hoc|iPhoneSimulator.Build.0 = Release|Any CPU
		{65E8BEEE-5B3F-4CF5-9173-C8CB8C687C15}.Ad-Hoc|iPhoneSimulator.Deploy.0 = Release|Any CPU
		{65E8BEEE-5B3F-4CF5-9173-C8CB8C687C15}.Ad-Hoc|x64.ActiveCfg = Release|Any CPU
		{65E8BEEE-5B3F-4CF5-9173-C8CB8C687C15}.Ad-Hoc|x64.Build.0 = Release|Any CPU
		{65E8BEEE-5B3F-4CF5-9173-C8CB8C687C15}.Ad-Hoc|x64.Deploy.0 = Release|Any CPU
		{65E8BEEE-5B3F-4CF5-9173-C8CB8C687C15}.Ad-Hoc|x86.ActiveCfg = Release|Any CPU
		{65E8BEEE-5B3F-4CF5-9173-C8CB8C687C15}.Ad-Hoc|x86.Build.0 = Release|Any CPU
		{65E8BEEE-5B3F-4CF5-9173-C8CB8C687C15}.Ad-Hoc|x86.Deploy.0 = Release|Any CPU
		{65E8BEEE-5B3F-4CF5-9173-C8CB8C687C15}.AppStore|Any CPU.ActiveCfg = Release|Any CPU
		{65E8BEEE-5B3F-4CF5-9173-C8CB8C687C15}.AppStore|Any CPU.Build.0 = Release|Any CPU
		{65E8BEEE-5B3F-4CF5-9173-C8CB8C687C15}.AppStore|Any CPU.Deploy.0 = Release|Any CPU
		{65E8BEEE-5B3F-4CF5-9173-C8CB8C687C15}.AppStore|ARM.ActiveCfg = Release|Any CPU
		{65E8BEEE-5B3F-4CF5-9173-C8CB8C687C15}.AppStore|ARM.Build.0 = Release|Any CPU
		{65E8BEEE-5B3F-4CF5-9173-C8CB8C687C15}.AppStore|ARM.Deploy.0 = Release|Any CPU
		{65E8BEEE-5B3F-4CF5-9173-C8CB8C687C15}.AppStore|iPhone.ActiveCfg = Release|Any CPU
		{65E8BEEE-5B3F-4CF5-9173-C8CB8C687C15}.AppStore|iPhone.Build.0 = Release|Any CPU
		{65E8BEEE-5B3F-4CF5-9173-C8CB8C687C15}.AppStore|iPhone.Deploy.0 = Release|Any CPU
		{65E8BEEE-5B3F-4CF5-9173-C8CB8C687C15}.AppStore|iPhoneSimulator.ActiveCfg = Release|Any CPU
		{65E8BEEE-5B3F-4CF5-9173-C8CB8C687C15}.AppStore|iPhoneSimulator.Build.0 = Release|Any CPU
		{65E8BEEE-5B3F-4CF5-9173-C8CB8C687C15}.AppStore|iPhoneSimulator.Deploy.0 = Release|Any CPU
		{65E8BEEE-5B3F-4CF5-9173-C8CB8C687C15}.AppStore|x64.ActiveCfg = Release|Any CPU
		{65E8BEEE-5B3F-4CF5-9173-C8CB8C687C15}.AppStore|x64.Build.0 = Release|Any CPU
		{65E8BEEE-5B3F-4CF5-9173-C8CB8C687C15}.AppStore|x64.Deploy.0 = Release|Any CPU
		{65E8BEEE-5B3F-4CF5-9173-C8CB8C687C15}.AppStore|x86.ActiveCfg = Release|Any CPU
		{65E8BEEE-5B3F-4CF5-9173-C8CB8C687C15}.AppStore|x86.Build.0 = Release|Any CPU
		{65E8BEEE-5B3F-4CF5-9173-C8CB8C687C15}.AppStore|x86.Deploy.0 = Release|Any CPU
		{65E8BEEE-5B3F-4CF5-9173-C8CB8C687C15}.Debug|Any CPU.ActiveCfg = Debug|Any CPU
		{65E8BEEE-5B3F-4CF5-9173-C8CB8C687C15}.Debug|Any CPU.Build.0 = Debug|Any CPU
		{65E8BEEE-5B3F-4CF5-9173-C8CB8C687C15}.Debug|Any CPU.Deploy.0 = Debug|Any CPU
		{65E8BEEE-5B3F-4CF5-9173-C8CB8C687C15}.Debug|ARM.ActiveCfg = Debug|Any CPU
		{65E8BEEE-5B3F-4CF5-9173-C8CB8C687C15}.Debug|ARM.Build.0 = Debug|Any CPU
		{65E8BEEE-5B3F-4CF5-9173-C8CB8C687C15}.Debug|ARM.Deploy.0 = Debug|Any CPU
		{65E8BEEE-5B3F-4CF5-9173-C8CB8C687C15}.Debug|iPhone.ActiveCfg = Debug|Any CPU
		{65E8BEEE-5B3F-4CF5-9173-C8CB8C687C15}.Debug|iPhone.Build.0 = Debug|Any CPU
		{65E8BEEE-5B3F-4CF5-9173-C8CB8C687C15}.Debug|iPhone.Deploy.0 = Debug|Any CPU
		{65E8BEEE-5B3F-4CF5-9173-C8CB8C687C15}.Debug|iPhoneSimulator.ActiveCfg = Debug|Any CPU
		{65E8BEEE-5B3F-4CF5-9173-C8CB8C687C15}.Debug|iPhoneSimulator.Build.0 = Debug|Any CPU
		{65E8BEEE-5B3F-4CF5-9173-C8CB8C687C15}.Debug|iPhoneSimulator.Deploy.0 = Debug|Any CPU
		{65E8BEEE-5B3F-4CF5-9173-C8CB8C687C15}.Debug|x64.ActiveCfg = Debug|Any CPU
		{65E8BEEE-5B3F-4CF5-9173-C8CB8C687C15}.Debug|x64.Build.0 = Debug|Any CPU
		{65E8BEEE-5B3F-4CF5-9173-C8CB8C687C15}.Debug|x64.Deploy.0 = Debug|Any CPU
		{65E8BEEE-5B3F-4CF5-9173-C8CB8C687C15}.Debug|x86.ActiveCfg = Debug|Any CPU
		{65E8BEEE-5B3F-4CF5-9173-C8CB8C687C15}.Debug|x86.Build.0 = Debug|Any CPU
		{65E8BEEE-5B3F-4CF5-9173-C8CB8C687C15}.Debug|x86.Deploy.0 = Debug|Any CPU
		{65E8BEEE-5B3F-4CF5-9173-C8CB8C687C15}.Release|Any CPU.ActiveCfg = Release|Any CPU
		{65E8BEEE-5B3F-4CF5-9173-C8CB8C687C15}.Release|Any CPU.Build.0 = Release|Any CPU
		{65E8BEEE-5B3F-4CF5-9173-C8CB8C687C15}.Release|Any CPU.Deploy.0 = Release|Any CPU
		{65E8BEEE-5B3F-4CF5-9173-C8CB8C687C15}.Release|ARM.ActiveCfg = Release|Any CPU
		{65E8BEEE-5B3F-4CF5-9173-C8CB8C687C15}.Release|ARM.Build.0 = Release|Any CPU
		{65E8BEEE-5B3F-4CF5-9173-C8CB8C687C15}.Release|ARM.Deploy.0 = Release|Any CPU
		{65E8BEEE-5B3F-4CF5-9173-C8CB8C687C15}.Release|iPhone.ActiveCfg = Release|Any CPU
		{65E8BEEE-5B3F-4CF5-9173-C8CB8C687C15}.Release|iPhone.Build.0 = Release|Any CPU
		{65E8BEEE-5B3F-4CF5-9173-C8CB8C687C15}.Release|iPhone.Deploy.0 = Release|Any CPU
		{65E8BEEE-5B3F-4CF5-9173-C8CB8C687C15}.Release|iPhoneSimulator.ActiveCfg = Release|Any CPU
		{65E8BEEE-5B3F-4CF5-9173-C8CB8C687C15}.Release|iPhoneSimulator.Build.0 = Release|Any CPU
		{65E8BEEE-5B3F-4CF5-9173-C8CB8C687C15}.Release|iPhoneSimulator.Deploy.0 = Release|Any CPU
		{65E8BEEE-5B3F-4CF5-9173-C8CB8C687C15}.Release|x64.ActiveCfg = Release|Any CPU
		{65E8BEEE-5B3F-4CF5-9173-C8CB8C687C15}.Release|x64.Build.0 = Release|Any CPU
		{65E8BEEE-5B3F-4CF5-9173-C8CB8C687C15}.Release|x64.Deploy.0 = Release|Any CPU
		{65E8BEEE-5B3F-4CF5-9173-C8CB8C687C15}.Release|x86.ActiveCfg = Release|Any CPU
		{65E8BEEE-5B3F-4CF5-9173-C8CB8C687C15}.Release|x86.Build.0 = Release|Any CPU
		{65E8BEEE-5B3F-4CF5-9173-C8CB8C687C15}.Release|x86.Deploy.0 = Release|Any CPU
		{B159B48C-4F38-449E-A341-034F95DCCC69}.Ad-Hoc|Any CPU.ActiveCfg = Ad-Hoc|iPhoneSimulator
		{B159B48C-4F38-449E-A341-034F95DCCC69}.Ad-Hoc|ARM.ActiveCfg = Ad-Hoc|iPhone
		{B159B48C-4F38-449E-A341-034F95DCCC69}.Ad-Hoc|iPhone.ActiveCfg = Ad-Hoc|iPhone
		{B159B48C-4F38-449E-A341-034F95DCCC69}.Ad-Hoc|iPhone.Build.0 = Ad-Hoc|iPhone
		{B159B48C-4F38-449E-A341-034F95DCCC69}.Ad-Hoc|iPhoneSimulator.ActiveCfg = Ad-Hoc|iPhoneSimulator
		{B159B48C-4F38-449E-A341-034F95DCCC69}.Ad-Hoc|iPhoneSimulator.Build.0 = Ad-Hoc|iPhoneSimulator
		{B159B48C-4F38-449E-A341-034F95DCCC69}.Ad-Hoc|x64.ActiveCfg = Ad-Hoc|iPhone
		{B159B48C-4F38-449E-A341-034F95DCCC69}.Ad-Hoc|x86.ActiveCfg = Ad-Hoc|iPhone
		{B159B48C-4F38-449E-A341-034F95DCCC69}.AppStore|Any CPU.ActiveCfg = AppStore|iPhoneSimulator
		{B159B48C-4F38-449E-A341-034F95DCCC69}.AppStore|ARM.ActiveCfg = AppStore|iPhone
		{B159B48C-4F38-449E-A341-034F95DCCC69}.AppStore|iPhone.ActiveCfg = AppStore|iPhone
		{B159B48C-4F38-449E-A341-034F95DCCC69}.AppStore|iPhone.Build.0 = AppStore|iPhone
		{B159B48C-4F38-449E-A341-034F95DCCC69}.AppStore|iPhoneSimulator.ActiveCfg = AppStore|iPhoneSimulator
		{B159B48C-4F38-449E-A341-034F95DCCC69}.AppStore|iPhoneSimulator.Build.0 = AppStore|iPhoneSimulator
		{B159B48C-4F38-449E-A341-034F95DCCC69}.AppStore|x64.ActiveCfg = AppStore|iPhone
		{B159B48C-4F38-449E-A341-034F95DCCC69}.AppStore|x86.ActiveCfg = AppStore|iPhone
		{B159B48C-4F38-449E-A341-034F95DCCC69}.Debug|Any CPU.ActiveCfg = Debug|iPhoneSimulator
		{B159B48C-4F38-449E-A341-034F95DCCC69}.Debug|ARM.ActiveCfg = Debug|iPhone
		{B159B48C-4F38-449E-A341-034F95DCCC69}.Debug|iPhone.ActiveCfg = Debug|iPhone
		{B159B48C-4F38-449E-A341-034F95DCCC69}.Debug|iPhone.Build.0 = Debug|iPhone
		{B159B48C-4F38-449E-A341-034F95DCCC69}.Debug|iPhoneSimulator.ActiveCfg = Debug|iPhoneSimulator
		{B159B48C-4F38-449E-A341-034F95DCCC69}.Debug|iPhoneSimulator.Build.0 = Debug|iPhoneSimulator
		{B159B48C-4F38-449E-A341-034F95DCCC69}.Debug|x64.ActiveCfg = Debug|iPhone
		{B159B48C-4F38-449E-A341-034F95DCCC69}.Debug|x86.ActiveCfg = Debug|iPhone
		{B159B48C-4F38-449E-A341-034F95DCCC69}.Release|Any CPU.ActiveCfg = Release|iPhoneSimulator
		{B159B48C-4F38-449E-A341-034F95DCCC69}.Release|ARM.ActiveCfg = Release|iPhone
		{B159B48C-4F38-449E-A341-034F95DCCC69}.Release|iPhone.ActiveCfg = Release|iPhone
		{B159B48C-4F38-449E-A341-034F95DCCC69}.Release|iPhone.Build.0 = Release|iPhone
		{B159B48C-4F38-449E-A341-034F95DCCC69}.Release|iPhoneSimulator.ActiveCfg = Release|iPhoneSimulator
		{B159B48C-4F38-449E-A341-034F95DCCC69}.Release|iPhoneSimulator.Build.0 = Release|iPhoneSimulator
		{B159B48C-4F38-449E-A341-034F95DCCC69}.Release|x64.ActiveCfg = Release|iPhone
		{B159B48C-4F38-449E-A341-034F95DCCC69}.Release|x86.ActiveCfg = Release|iPhone
		{2FE59C0C-D6CB-4BA4-9A8D-C8AF5EE0FEE6}.Ad-Hoc|Any CPU.ActiveCfg = Release|x86
		{2FE59C0C-D6CB-4BA4-9A8D-C8AF5EE0FEE6}.Ad-Hoc|Any CPU.Build.0 = Release|x86
		{2FE59C0C-D6CB-4BA4-9A8D-C8AF5EE0FEE6}.Ad-Hoc|Any CPU.Deploy.0 = Release|x86
		{2FE59C0C-D6CB-4BA4-9A8D-C8AF5EE0FEE6}.Ad-Hoc|ARM.ActiveCfg = Release|ARM
		{2FE59C0C-D6CB-4BA4-9A8D-C8AF5EE0FEE6}.Ad-Hoc|ARM.Build.0 = Release|ARM
		{2FE59C0C-D6CB-4BA4-9A8D-C8AF5EE0FEE6}.Ad-Hoc|ARM.Deploy.0 = Release|ARM
		{2FE59C0C-D6CB-4BA4-9A8D-C8AF5EE0FEE6}.Ad-Hoc|iPhone.ActiveCfg = Release|x86
		{2FE59C0C-D6CB-4BA4-9A8D-C8AF5EE0FEE6}.Ad-Hoc|iPhone.Build.0 = Release|x86
		{2FE59C0C-D6CB-4BA4-9A8D-C8AF5EE0FEE6}.Ad-Hoc|iPhone.Deploy.0 = Release|x86
		{2FE59C0C-D6CB-4BA4-9A8D-C8AF5EE0FEE6}.Ad-Hoc|iPhoneSimulator.ActiveCfg = Release|x86
		{2FE59C0C-D6CB-4BA4-9A8D-C8AF5EE0FEE6}.Ad-Hoc|iPhoneSimulator.Build.0 = Release|x86
		{2FE59C0C-D6CB-4BA4-9A8D-C8AF5EE0FEE6}.Ad-Hoc|iPhoneSimulator.Deploy.0 = Release|x86
		{2FE59C0C-D6CB-4BA4-9A8D-C8AF5EE0FEE6}.Ad-Hoc|x64.ActiveCfg = Release|x64
		{2FE59C0C-D6CB-4BA4-9A8D-C8AF5EE0FEE6}.Ad-Hoc|x64.Build.0 = Release|x64
		{2FE59C0C-D6CB-4BA4-9A8D-C8AF5EE0FEE6}.Ad-Hoc|x64.Deploy.0 = Release|x64
		{2FE59C0C-D6CB-4BA4-9A8D-C8AF5EE0FEE6}.Ad-Hoc|x86.ActiveCfg = Release|x86
		{2FE59C0C-D6CB-4BA4-9A8D-C8AF5EE0FEE6}.Ad-Hoc|x86.Build.0 = Release|x86
		{2FE59C0C-D6CB-4BA4-9A8D-C8AF5EE0FEE6}.Ad-Hoc|x86.Deploy.0 = Release|x86
		{2FE59C0C-D6CB-4BA4-9A8D-C8AF5EE0FEE6}.AppStore|Any CPU.ActiveCfg = Release|x86
		{2FE59C0C-D6CB-4BA4-9A8D-C8AF5EE0FEE6}.AppStore|Any CPU.Build.0 = Release|x86
		{2FE59C0C-D6CB-4BA4-9A8D-C8AF5EE0FEE6}.AppStore|Any CPU.Deploy.0 = Release|x86
		{2FE59C0C-D6CB-4BA4-9A8D-C8AF5EE0FEE6}.AppStore|ARM.ActiveCfg = Release|ARM
		{2FE59C0C-D6CB-4BA4-9A8D-C8AF5EE0FEE6}.AppStore|ARM.Build.0 = Release|ARM
		{2FE59C0C-D6CB-4BA4-9A8D-C8AF5EE0FEE6}.AppStore|ARM.Deploy.0 = Release|ARM
		{2FE59C0C-D6CB-4BA4-9A8D-C8AF5EE0FEE6}.AppStore|iPhone.ActiveCfg = Release|x86
		{2FE59C0C-D6CB-4BA4-9A8D-C8AF5EE0FEE6}.AppStore|iPhone.Build.0 = Release|x86
		{2FE59C0C-D6CB-4BA4-9A8D-C8AF5EE0FEE6}.AppStore|iPhone.Deploy.0 = Release|x86
		{2FE59C0C-D6CB-4BA4-9A8D-C8AF5EE0FEE6}.AppStore|iPhoneSimulator.ActiveCfg = Release|x86
		{2FE59C0C-D6CB-4BA4-9A8D-C8AF5EE0FEE6}.AppStore|iPhoneSimulator.Build.0 = Release|x86
		{2FE59C0C-D6CB-4BA4-9A8D-C8AF5EE0FEE6}.AppStore|iPhoneSimulator.Deploy.0 = Release|x86
		{2FE59C0C-D6CB-4BA4-9A8D-C8AF5EE0FEE6}.AppStore|x64.ActiveCfg = Release|x64
		{2FE59C0C-D6CB-4BA4-9A8D-C8AF5EE0FEE6}.AppStore|x64.Build.0 = Release|x64
		{2FE59C0C-D6CB-4BA4-9A8D-C8AF5EE0FEE6}.AppStore|x64.Deploy.0 = Release|x64
		{2FE59C0C-D6CB-4BA4-9A8D-C8AF5EE0FEE6}.AppStore|x86.ActiveCfg = Release|x86
		{2FE59C0C-D6CB-4BA4-9A8D-C8AF5EE0FEE6}.AppStore|x86.Build.0 = Release|x86
		{2FE59C0C-D6CB-4BA4-9A8D-C8AF5EE0FEE6}.AppStore|x86.Deploy.0 = Release|x86
		{2FE59C0C-D6CB-4BA4-9A8D-C8AF5EE0FEE6}.Debug|Any CPU.ActiveCfg = Debug|x86
		{2FE59C0C-D6CB-4BA4-9A8D-C8AF5EE0FEE6}.Debug|ARM.ActiveCfg = Debug|ARM
		{2FE59C0C-D6CB-4BA4-9A8D-C8AF5EE0FEE6}.Debug|ARM.Build.0 = Debug|ARM
		{2FE59C0C-D6CB-4BA4-9A8D-C8AF5EE0FEE6}.Debug|ARM.Deploy.0 = Debug|ARM
		{2FE59C0C-D6CB-4BA4-9A8D-C8AF5EE0FEE6}.Debug|iPhone.ActiveCfg = Debug|x86
		{2FE59C0C-D6CB-4BA4-9A8D-C8AF5EE0FEE6}.Debug|iPhoneSimulator.ActiveCfg = Debug|x86
		{2FE59C0C-D6CB-4BA4-9A8D-C8AF5EE0FEE6}.Debug|x64.ActiveCfg = Debug|x64
		{2FE59C0C-D6CB-4BA4-9A8D-C8AF5EE0FEE6}.Debug|x64.Build.0 = Debug|x64
		{2FE59C0C-D6CB-4BA4-9A8D-C8AF5EE0FEE6}.Debug|x64.Deploy.0 = Debug|x64
		{2FE59C0C-D6CB-4BA4-9A8D-C8AF5EE0FEE6}.Debug|x86.ActiveCfg = Debug|x86
		{2FE59C0C-D6CB-4BA4-9A8D-C8AF5EE0FEE6}.Debug|x86.Build.0 = Debug|x86
		{2FE59C0C-D6CB-4BA4-9A8D-C8AF5EE0FEE6}.Debug|x86.Deploy.0 = Debug|x86
		{2FE59C0C-D6CB-4BA4-9A8D-C8AF5EE0FEE6}.Release|Any CPU.ActiveCfg = Release|x86
		{2FE59C0C-D6CB-4BA4-9A8D-C8AF5EE0FEE6}.Release|ARM.ActiveCfg = Release|ARM
		{2FE59C0C-D6CB-4BA4-9A8D-C8AF5EE0FEE6}.Release|ARM.Build.0 = Release|ARM
		{2FE59C0C-D6CB-4BA4-9A8D-C8AF5EE0FEE6}.Release|ARM.Deploy.0 = Release|ARM
		{2FE59C0C-D6CB-4BA4-9A8D-C8AF5EE0FEE6}.Release|iPhone.ActiveCfg = Release|x86
		{2FE59C0C-D6CB-4BA4-9A8D-C8AF5EE0FEE6}.Release|iPhoneSimulator.ActiveCfg = Release|x86
		{2FE59C0C-D6CB-4BA4-9A8D-C8AF5EE0FEE6}.Release|x64.ActiveCfg = Release|x64
		{2FE59C0C-D6CB-4BA4-9A8D-C8AF5EE0FEE6}.Release|x64.Build.0 = Release|x64
		{2FE59C0C-D6CB-4BA4-9A8D-C8AF5EE0FEE6}.Release|x64.Deploy.0 = Release|x64
		{2FE59C0C-D6CB-4BA4-9A8D-C8AF5EE0FEE6}.Release|x86.ActiveCfg = Release|x86
		{2FE59C0C-D6CB-4BA4-9A8D-C8AF5EE0FEE6}.Release|x86.Build.0 = Release|x86
		{2FE59C0C-D6CB-4BA4-9A8D-C8AF5EE0FEE6}.Release|x86.Deploy.0 = Release|x86
		{6A0C6E81-41A1-4F21-9C65-CB9A2D1CF686}.Ad-Hoc|Any CPU.ActiveCfg = Release|Any CPU
		{6A0C6E81-41A1-4F21-9C65-CB9A2D1CF686}.Ad-Hoc|Any CPU.Build.0 = Release|Any CPU
		{6A0C6E81-41A1-4F21-9C65-CB9A2D1CF686}.Ad-Hoc|ARM.ActiveCfg = Release|Any CPU
		{6A0C6E81-41A1-4F21-9C65-CB9A2D1CF686}.Ad-Hoc|ARM.Build.0 = Release|Any CPU
		{6A0C6E81-41A1-4F21-9C65-CB9A2D1CF686}.Ad-Hoc|iPhone.ActiveCfg = Release|Any CPU
		{6A0C6E81-41A1-4F21-9C65-CB9A2D1CF686}.Ad-Hoc|iPhone.Build.0 = Release|Any CPU
		{6A0C6E81-41A1-4F21-9C65-CB9A2D1CF686}.Ad-Hoc|iPhoneSimulator.ActiveCfg = Release|Any CPU
		{6A0C6E81-41A1-4F21-9C65-CB9A2D1CF686}.Ad-Hoc|iPhoneSimulator.Build.0 = Release|Any CPU
		{6A0C6E81-41A1-4F21-9C65-CB9A2D1CF686}.Ad-Hoc|x64.ActiveCfg = Release|Any CPU
		{6A0C6E81-41A1-4F21-9C65-CB9A2D1CF686}.Ad-Hoc|x64.Build.0 = Release|Any CPU
		{6A0C6E81-41A1-4F21-9C65-CB9A2D1CF686}.Ad-Hoc|x86.ActiveCfg = Release|Any CPU
		{6A0C6E81-41A1-4F21-9C65-CB9A2D1CF686}.Ad-Hoc|x86.Build.0 = Release|Any CPU
		{6A0C6E81-41A1-4F21-9C65-CB9A2D1CF686}.AppStore|Any CPU.ActiveCfg = Release|Any CPU
		{6A0C6E81-41A1-4F21-9C65-CB9A2D1CF686}.AppStore|Any CPU.Build.0 = Release|Any CPU
		{6A0C6E81-41A1-4F21-9C65-CB9A2D1CF686}.AppStore|ARM.ActiveCfg = Release|Any CPU
		{6A0C6E81-41A1-4F21-9C65-CB9A2D1CF686}.AppStore|ARM.Build.0 = Release|Any CPU
		{6A0C6E81-41A1-4F21-9C65-CB9A2D1CF686}.AppStore|iPhone.ActiveCfg = Release|Any CPU
		{6A0C6E81-41A1-4F21-9C65-CB9A2D1CF686}.AppStore|iPhone.Build.0 = Release|Any CPU
		{6A0C6E81-41A1-4F21-9C65-CB9A2D1CF686}.AppStore|iPhoneSimulator.ActiveCfg = Release|Any CPU
		{6A0C6E81-41A1-4F21-9C65-CB9A2D1CF686}.AppStore|iPhoneSimulator.Build.0 = Release|Any CPU
		{6A0C6E81-41A1-4F21-9C65-CB9A2D1CF686}.AppStore|x64.ActiveCfg = Release|Any CPU
		{6A0C6E81-41A1-4F21-9C65-CB9A2D1CF686}.AppStore|x64.Build.0 = Release|Any CPU
		{6A0C6E81-41A1-4F21-9C65-CB9A2D1CF686}.AppStore|x86.ActiveCfg = Release|Any CPU
		{6A0C6E81-41A1-4F21-9C65-CB9A2D1CF686}.AppStore|x86.Build.0 = Release|Any CPU
		{6A0C6E81-41A1-4F21-9C65-CB9A2D1CF686}.Debug|Any CPU.ActiveCfg = Debug|Any CPU
		{6A0C6E81-41A1-4F21-9C65-CB9A2D1CF686}.Debug|Any CPU.Build.0 = Debug|Any CPU
		{6A0C6E81-41A1-4F21-9C65-CB9A2D1CF686}.Debug|ARM.ActiveCfg = Debug|Any CPU
		{6A0C6E81-41A1-4F21-9C65-CB9A2D1CF686}.Debug|ARM.Build.0 = Debug|Any CPU
		{6A0C6E81-41A1-4F21-9C65-CB9A2D1CF686}.Debug|iPhone.ActiveCfg = Debug|Any CPU
		{6A0C6E81-41A1-4F21-9C65-CB9A2D1CF686}.Debug|iPhone.Build.0 = Debug|Any CPU
		{6A0C6E81-41A1-4F21-9C65-CB9A2D1CF686}.Debug|iPhoneSimulator.ActiveCfg = Debug|Any CPU
		{6A0C6E81-41A1-4F21-9C65-CB9A2D1CF686}.Debug|iPhoneSimulator.Build.0 = Debug|Any CPU
		{6A0C6E81-41A1-4F21-9C65-CB9A2D1CF686}.Debug|x64.ActiveCfg = Debug|Any CPU
		{6A0C6E81-41A1-4F21-9C65-CB9A2D1CF686}.Debug|x64.Build.0 = Debug|Any CPU
		{6A0C6E81-41A1-4F21-9C65-CB9A2D1CF686}.Debug|x86.ActiveCfg = Debug|Any CPU
		{6A0C6E81-41A1-4F21-9C65-CB9A2D1CF686}.Debug|x86.Build.0 = Debug|Any CPU
		{6A0C6E81-41A1-4F21-9C65-CB9A2D1CF686}.Release|Any CPU.ActiveCfg = Release|Any CPU
		{6A0C6E81-41A1-4F21-9C65-CB9A2D1CF686}.Release|Any CPU.Build.0 = Release|Any CPU
		{6A0C6E81-41A1-4F21-9C65-CB9A2D1CF686}.Release|ARM.ActiveCfg = Release|Any CPU
		{6A0C6E81-41A1-4F21-9C65-CB9A2D1CF686}.Release|ARM.Build.0 = Release|Any CPU
		{6A0C6E81-41A1-4F21-9C65-CB9A2D1CF686}.Release|iPhone.ActiveCfg = Release|Any CPU
		{6A0C6E81-41A1-4F21-9C65-CB9A2D1CF686}.Release|iPhone.Build.0 = Release|Any CPU
		{6A0C6E81-41A1-4F21-9C65-CB9A2D1CF686}.Release|iPhoneSimulator.ActiveCfg = Release|Any CPU
		{6A0C6E81-41A1-4F21-9C65-CB9A2D1CF686}.Release|iPhoneSimulator.Build.0 = Release|Any CPU
		{6A0C6E81-41A1-4F21-9C65-CB9A2D1CF686}.Release|x64.ActiveCfg = Release|Any CPU
		{6A0C6E81-41A1-4F21-9C65-CB9A2D1CF686}.Release|x64.Build.0 = Release|Any CPU
		{6A0C6E81-41A1-4F21-9C65-CB9A2D1CF686}.Release|x86.ActiveCfg = Release|Any CPU
		{6A0C6E81-41A1-4F21-9C65-CB9A2D1CF686}.Release|x86.Build.0 = Release|Any CPU
	EndGlobalSection
	GlobalSection(SolutionProperties) = preSolution
		HideSolutionNode = FALSE
	EndGlobalSection
	GlobalSection(ExtensibilityGlobals) = postSolution
		SolutionGuid = {CCC66619-3319-417E-9D1E-6AE6C00AD17F}
	EndGlobalSection
EndGlobal
